{
  "originHash" : "00948f87a6ff7d0ce0a103d78c3b05bd6f58d3c76f4291a128a81c750b1b27a1",
  "pins" : [
    {
      "identity" : "bonjourpico",
      "kind" : "remoteSourceControl",
      "location" : "https://github.com/PicoMLX/BonjourPico",
      "state" : {
        "revision" : "e8b8c906d4c0e5da34d6e81a82d4cdd62a7c0d5b",
        "version" : "0.0.1"
      }
    },
    {
      "identity" : "eventsource",
      "kind" : "remoteSourceControl",
      "location" : "https://github.com/mattt/EventSource",
      "state" : {
        "revision" : "a2965424a4babeb0c8e4b5ec9708c3939bc52449",
        "version" : "1.2.0"
      }
    },
    {
      "identity" : "swiftmath",
      "kind" : "remoteSourceControl",
      "location" : "https://github.com/mgriebling/SwiftMath.git",
      "state" : {
        "revision" : "fa8244ed032f4a1ade4cb0571bf87d2f1a9fd2d7",
        "version" : "1.7.3"
      }
    }
  ],
  "version" : 3
}
