{
  "originHash" : "e343d8b88d90a17593468efd098d282afb45968e606895450a86a6477a8c7b31",
  "pins" : [
    {
      "identity" : "bonjourpico",
      "kind" : "remoteSourceControl",
      "location" : "https://github.com/PicoMLX/BonjourPico",
      "state" : {
        "revision" : "e8b8c906d4c0e5da34d6e81a82d4cdd62a7c0d5b",
        "version" : "0.0.1"
      }
    },
    {
      "identity" : "eventsource",
      "kind" : "remoteSourceControl",
      "location" : "https://github.com/mattt/EventSource",
      "state" : {
        "revision" : "a2965424a4babeb0c8e4b5ec9708c3939bc52449",
        "version" : "1.2.0"
      }
    }
  ],
  "version" : 3
}
